
Microsoft Visual Studio Solution File, Format Version 12.00
# Visual Studio Version 17
VisualStudioVersion = 17.4.33122.133
MinimumVisualStudioVersion = 10.0.40219.1
Project("{FAE04EC0-301F-11D3-BF4B-00C04F79EFBC}") = "Validador_telefone", "Validador_telefone\Validador_telefone.csproj", "{855AAD77-3015-48ED-B9AB-0F9AFDE36B01}"
EndProject
Global
	GlobalSection(SolutionConfigurationPlatforms) = preSolution
		Debug|Any CPU = Debug|Any CPU
		Release|Any CPU = Release|Any CPU
	EndGlobalSection
	GlobalSection(ProjectConfigurationPlatforms) = postSolution
		{855AAD77-3015-48ED-B9AB-0F9AFDE36B01}.Debug|Any CPU.ActiveCfg = Debug|Any CPU
		{855AAD77-3015-48ED-B9AB-0F9AFDE36B01}.Debug|Any CPU.Build.0 = Debug|Any CPU
		{855AAD77-3015-48ED-B9AB-0F9AFDE36B01}.Release|Any CPU.ActiveCfg = Release|Any CPU
		{855AAD77-3015-48ED-B9AB-0F9AFDE36B01}.Release|Any CPU.Build.0 = Release|Any CPU
	EndGlobalSection
	GlobalSection(SolutionProperties) = preSolution
		HideSolutionNode = FALSE
	EndGlobalSection
	GlobalSection(ExtensibilityGlobals) = postSolution
		SolutionGuid = {6BD50C90-F94F-4C6A-ABCD-F1C999913002}
	EndGlobalSection
EndGlobal
